
Microsoft Visual Studio Solution File, Format Version 12.00
# Visual Studio 15
Project("{FAE04EC0-301F-11D3-BF4B-00C04F79EFBC}") = "PetShop.Core", "PetShop.Core\PetShop.Core.csproj", "{4C970BDC-1F35-494E-B45B-2DE769F5B967}"
EndProject
Project("{FAE04EC0-301F-11D3-BF4B-00C04F79EFBC}") = "PetShop.Core.Entities", "PetShop.Core.Entities\PetShop.Core.Entities.csproj", "{E083F785-79FD-43F2-9E56-5A1812C81C1E}"
EndProject
Project("{2150E333-8FDC-42A3-9474-1A3956D46DE8}") = "UI", "UI", "{D94E5F2B-E95D-4261-80F9-278AF0870D8B}"
EndProject
Project("{2150E333-8FDC-42A3-9474-1A3956D46DE8}") = "Core", "Core", "{C4A156AA-7539-4F00-9622-8B00A2A9F0A4}"
EndProject
Project("{2150E333-8FDC-42A3-9474-1A3956D46DE8}") = "Infrastructure", "Infrastructure", "{01DA746F-7DFD-4D46-80F5-D2B09E263EE0}"
EndProject
Project("{FAE04EC0-301F-11D3-BF4B-00C04F79EFBC}") = "PetShop.Infrastructure.Database", "PetShop.Infrastructure.Database\PetShop.Infrastructure.Database.csproj", "{9F680D03-2958-4A51-A89A-1AA3F09E862E}"
EndProject
Project("{FAE04EC0-301F-11D3-BF4B-00C04F79EFBC}") = "NewRestAPI", "NewRestAPI\NewRestAPI.csproj", "{03B36648-832A-4754-B121-204E6FA0BFD7}"
EndProject
Global
	GlobalSection(SolutionConfigurationPlatforms) = preSolution
		Debug|Any CPU = Debug|Any CPU
		Release|Any CPU = Release|Any CPU
	EndGlobalSection
	GlobalSection(ProjectConfigurationPlatforms) = postSolution
		{4C970BDC-1F35-494E-B45B-2DE769F5B967}.Debug|Any CPU.ActiveCfg = Debug|Any CPU
		{4C970BDC-1F35-494E-B45B-2DE769F5B967}.Debug|Any CPU.Build.0 = Debug|Any CPU
		{4C970BDC-1F35-494E-B45B-2DE769F5B967}.Release|Any CPU.ActiveCfg = Release|Any CPU
		{4C970BDC-1F35-494E-B45B-2DE769F5B967}.Release|Any CPU.Build.0 = Release|Any CPU
		{E083F785-79FD-43F2-9E56-5A1812C81C1E}.Debug|Any CPU.ActiveCfg = Debug|Any CPU
		{E083F785-79FD-43F2-9E56-5A1812C81C1E}.Debug|Any CPU.Build.0 = Debug|Any CPU
		{E083F785-79FD-43F2-9E56-5A1812C81C1E}.Release|Any CPU.ActiveCfg = Release|Any CPU
		{E083F785-79FD-43F2-9E56-5A1812C81C1E}.Release|Any CPU.Build.0 = Release|Any CPU
		{9F680D03-2958-4A51-A89A-1AA3F09E862E}.Debug|Any CPU.ActiveCfg = Debug|Any CPU
		{9F680D03-2958-4A51-A89A-1AA3F09E862E}.Debug|Any CPU.Build.0 = Debug|Any CPU
		{9F680D03-2958-4A51-A89A-1AA3F09E862E}.Release|Any CPU.ActiveCfg = Release|Any CPU
		{9F680D03-2958-4A51-A89A-1AA3F09E862E}.Release|Any CPU.Build.0 = Release|Any CPU
		{03B36648-832A-4754-B121-204E6FA0BFD7}.Debug|Any CPU.ActiveCfg = Debug|Any CPU
		{03B36648-832A-4754-B121-204E6FA0BFD7}.Debug|Any CPU.Build.0 = Debug|Any CPU
		{03B36648-832A-4754-B121-204E6FA0BFD7}.Release|Any CPU.ActiveCfg = Release|Any CPU
		{03B36648-832A-4754-B121-204E6FA0BFD7}.Release|Any CPU.Build.0 = Release|Any CPU
	EndGlobalSection
	GlobalSection(NestedProjects) = preSolution
		{4C970BDC-1F35-494E-B45B-2DE769F5B967} = {C4A156AA-7539-4F00-9622-8B00A2A9F0A4}
		{E083F785-79FD-43F2-9E56-5A1812C81C1E} = {C4A156AA-7539-4F00-9622-8B00A2A9F0A4}
		{9F680D03-2958-4A51-A89A-1AA3F09E862E} = {01DA746F-7DFD-4D46-80F5-D2B09E263EE0}
		{03B36648-832A-4754-B121-204E6FA0BFD7} = {D94E5F2B-E95D-4261-80F9-278AF0870D8B}
	EndGlobalSection
EndGlobal
